// !$*UTF8*$!
{
	archiveVersion = 1;
	classes = {
	};
	objectVersion = 56;
	objects = {

/* Begin PBXBuildFile section */
		236F5BFB2AB1F364005DDACA /* HabitTrackerApp.swift in Sources */ = {isa = PBXBuildFile; fileRef = 236F5BFA2AB1F364005DDACA /* HabitTrackerApp.swift */; };
		236F5BFD2AB1F364005DDACA /* MainView.swift in Sources */ = {isa = PBXBuildFile; fileRef = 236F5BFC2AB1F364005DDACA /* MainView.swift */; };
		236F5BFF2AB1F365005DDACA /* Assets.xcassets in Resources */ = {isa = PBXBuildFile; fileRef = 236F5BFE2AB1F365005DDACA /* Assets.xcassets */; };
		236F5C022AB1F365005DDACA /* Preview Assets.xcassets in Resources */ = {isa = PBXBuildFile; fileRef = 236F5C012AB1F365005DDACA /* Preview Assets.xcassets */; };
		236F5C042AB1F365005DDACA /* Persistence.swift in Sources */ = {isa = PBXBuildFile; fileRef = 236F5C032AB1F365005DDACA /* Persistence.swift */; };
		236F5C112AB1F365005DDACA /* HabitTrackerTests.swift in Sources */ = {isa = PBXBuildFile; fileRef = 236F5C102AB1F365005DDACA /* HabitTrackerTests.swift */; };
		236F5C1B2AB1F365005DDACA /* HabitTrackerUITests.swift in Sources */ = {isa = PBXBuildFile; fileRef = 236F5C1A2AB1F365005DDACA /* HabitTrackerUITests.swift */; };
		236F5C1D2AB1F365005DDACA /* HabitTrackerUITestsLaunchTests.swift in Sources */ = {isa = PBXBuildFile; fileRef = 236F5C1C2AB1F365005DDACA /* HabitTrackerUITestsLaunchTests.swift */; };
		236F5C2B2AB1F4FA005DDACA /* HabitTracker.xcdatamodeld in Sources */ = {isa = PBXBuildFile; fileRef = 236F5C292AB1F4FA005DDACA /* HabitTracker.xcdatamodeld */; };
		236F5C2F2AB1F9A2005DDACA /* HomeView.swift in Sources */ = {isa = PBXBuildFile; fileRef = 236F5C2E2AB1F9A2005DDACA /* HomeView.swift */; };
		236F5C312AB20359005DDACA /* HabitViewModel.swift in Sources */ = {isa = PBXBuildFile; fileRef = 236F5C302AB20359005DDACA /* HabitViewModel.swift */; };
		236F5C332AB21146005DDACA /* AddNewHabitView.swift in Sources */ = {isa = PBXBuildFile; fileRef = 236F5C322AB21146005DDACA /* AddNewHabitView.swift */; };
/* End PBXBuildFile section */

/* Begin PBXContainerItemProxy section */
		236F5C0D2AB1F365005DDACA /* PBXContainerItemProxy */ = {
			isa = PBXContainerItemProxy;
			containerPortal = 236F5BEF2AB1F364005DDACA /* Project object */;
			proxyType = 1;
			remoteGlobalIDString = 236F5BF62AB1F364005DDACA;
			remoteInfo = HabitTracker;
		};
		236F5C172AB1F365005DDACA /* PBXContainerItemProxy */ = {
			isa = PBXContainerItemProxy;
			containerPortal = 236F5BEF2AB1F364005DDACA /* Project object */;
			proxyType = 1;
			remoteGlobalIDString = 236F5BF62AB1F364005DDACA;
			remoteInfo = HabitTracker;
		};
/* End PBXContainerItemProxy section */

/* Begin PBXFileReference section */
		236F5BF72AB1F364005DDACA /* HabitTracker.app */ = {isa = PBXFileReference; explicitFileType = wrapper.application; includeInIndex = 0; path = HabitTracker.app; sourceTree = BUILT_PRODUCTS_DIR; };
		236F5BFA2AB1F364005DDACA /* HabitTrackerApp.swift */ = {isa = PBXFileReference; lastKnownFileType = sourcecode.swift; path = HabitTrackerApp.swift; sourceTree = "<group>"; };
		236F5BFC2AB1F364005DDACA /* MainView.swift */ = {isa = PBXFileReference; lastKnownFileType = sourcecode.swift; path = MainView.swift; sourceTree = "<group>"; };
		236F5BFE2AB1F365005DDACA /* Assets.xcassets */ = {isa = PBXFileReference; lastKnownFileType = folder.assetcatalog; path = Assets.xcassets; sourceTree = "<group>"; };
		236F5C012AB1F365005DDACA /* Preview Assets.xcassets */ = {isa = PBXFileReference; lastKnownFileType = folder.assetcatalog; path = "Preview Assets.xcassets"; sourceTree = "<group>"; };
		236F5C032AB1F365005DDACA /* Persistence.swift */ = {isa = PBXFileReference; lastKnownFileType = sourcecode.swift; path = Persistence.swift; sourceTree = "<group>"; };
		236F5C0C2AB1F365005DDACA /* HabitTrackerTests.xctest */ = {isa = PBXFileReference; explicitFileType = wrapper.cfbundle; includeInIndex = 0; path = HabitTrackerTests.xctest; sourceTree = BUILT_PRODUCTS_DIR; };
		236F5C102AB1F365005DDACA /* HabitTrackerTests.swift */ = {isa = PBXFileReference; lastKnownFileType = sourcecode.swift; path = HabitTrackerTests.swift; sourceTree = "<group>"; };
		236F5C162AB1F365005DDACA /* HabitTrackerUITests.xctest */ = {isa = PBXFileReference; explicitFileType = wrapper.cfbundle; includeInIndex = 0; path = HabitTrackerUITests.xctest; sourceTree = BUILT_PRODUCTS_DIR; };
		236F5C1A2AB1F365005DDACA /* HabitTrackerUITests.swift */ = {isa = PBXFileReference; lastKnownFileType = sourcecode.swift; path = HabitTrackerUITests.swift; sourceTree = "<group>"; };
		236F5C1C2AB1F365005DDACA /* HabitTrackerUITestsLaunchTests.swift */ = {isa = PBXFileReference; lastKnownFileType = sourcecode.swift; path = HabitTrackerUITestsLaunchTests.swift; sourceTree = "<group>"; };
		236F5C2A2AB1F4FA005DDACA /* HabitTracker.xcdatamodel */ = {isa = PBXFileReference; lastKnownFileType = wrapper.xcdatamodel; path = HabitTracker.xcdatamodel; sourceTree = "<group>"; };
		236F5C2E2AB1F9A2005DDACA /* HomeView.swift */ = {isa = PBXFileReference; lastKnownFileType = sourcecode.swift; path = HomeView.swift; sourceTree = "<group>"; };
		236F5C302AB20359005DDACA /* HabitViewModel.swift */ = {isa = PBXFileReference; lastKnownFileType = sourcecode.swift; path = HabitViewModel.swift; sourceTree = "<group>"; };
		236F5C322AB21146005DDACA /* AddNewHabitView.swift */ = {isa = PBXFileReference; lastKnownFileType = sourcecode.swift; path = AddNewHabitView.swift; sourceTree = "<group>"; };
/* End PBXFileReference section */

/* Begin PBXFrameworksBuildPhase section */
		236F5BF42AB1F364005DDACA /* Frameworks */ = {
			isa = PBXFrameworksBuildPhase;
			buildActionMask = 2147483647;
			files = (
			);
			runOnlyForDeploymentPostprocessing = 0;
		};
		236F5C092AB1F365005DDACA /* Frameworks */ = {
			isa = PBXFrameworksBuildPhase;
			buildActionMask = 2147483647;
			files = (
			);
			runOnlyForDeploymentPostprocessing = 0;
		};
		236F5C132AB1F365005DDACA /* Frameworks */ = {
			isa = PBXFrameworksBuildPhase;
			buildActionMask = 2147483647;
			files = (
			);
			runOnlyForDeploymentPostprocessing = 0;
		};
/* End PBXFrameworksBuildPhase section */

/* Begin PBXGroup section */
		236F5BEE2AB1F364005DDACA = {
			isa = PBXGroup;
			children = (
				236F5BF92AB1F364005DDACA /* HabitTracker */,
				236F5C0F2AB1F365005DDACA /* HabitTrackerTests */,
				236F5C192AB1F365005DDACA /* HabitTrackerUITests */,
				236F5BF82AB1F364005DDACA /* Products */,
			);
			sourceTree = "<group>";
		};
		236F5BF82AB1F364005DDACA /* Products */ = {
			isa = PBXGroup;
			children = (
				236F5BF72AB1F364005DDACA /* HabitTracker.app */,
				236F5C0C2AB1F365005DDACA /* HabitTrackerTests.xctest */,
				236F5C162AB1F365005DDACA /* HabitTrackerUITests.xctest */,
			);
			name = Products;
			sourceTree = "<group>";
		};
		236F5BF92AB1F364005DDACA /* HabitTracker */ = {
			isa = PBXGroup;
			children = (
				236F5BFA2AB1F364005DDACA /* HabitTrackerApp.swift */,
				236F5C2D2AB1F98C005DDACA /* ViewModel */,
				236F5C2C2AB1F984005DDACA /* View */,
				236F5C032AB1F365005DDACA /* Persistence.swift */,
				236F5C292AB1F4FA005DDACA /* HabitTracker.xcdatamodeld */,
				236F5BFE2AB1F365005DDACA /* Assets.xcassets */,
				236F5C002AB1F365005DDACA /* Preview Content */,
			);
			path = HabitTracker;
			sourceTree = "<group>";
		};
		236F5C002AB1F365005DDACA /* Preview Content */ = {
			isa = PBXGroup;
			children = (
				236F5C012AB1F365005DDACA /* Preview Assets.xcassets */,
			);
			path = "Preview Content";
			sourceTree = "<group>";
		};
		236F5C0F2AB1F365005DDACA /* HabitTrackerTests */ = {
			isa = PBXGroup;
			children = (
				236F5C102AB1F365005DDACA /* HabitTrackerTests.swift */,
			);
			path = HabitTrackerTests;
			sourceTree = "<group>";
		};
		236F5C192AB1F365005DDACA /* HabitTrackerUITests */ = {
			isa = PBXGroup;
			children = (
				236F5C1A2AB1F365005DDACA /* HabitTrackerUITests.swift */,
				236F5C1C2AB1F365005DDACA /* HabitTrackerUITestsLaunchTests.swift */,
			);
			path = HabitTrackerUITests;
			sourceTree = "<group>";
		};
		236F5C2C2AB1F984005DDACA /* View */ = {
			isa = PBXGroup;
			children = (
				236F5BFC2AB1F364005DDACA /* MainView.swift */,
				236F5C2E2AB1F9A2005DDACA /* HomeView.swift */,
				236F5C322AB21146005DDACA /* AddNewHabitView.swift */,
			);
			path = View;
			sourceTree = "<group>";
		};
		236F5C2D2AB1F98C005DDACA /* ViewModel */ = {
			isa = PBXGroup;
			children = (
				236F5C302AB20359005DDACA /* HabitViewModel.swift */,
			);
			path = ViewModel;
			sourceTree = "<group>";
		};
/* End PBXGroup section */

/* Begin PBXNativeTarget section */
		236F5BF62AB1F364005DDACA /* HabitTracker */ = {
			isa = PBXNativeTarget;
			buildConfigurationList = 236F5C202AB1F365005DDACA /* Build configuration list for PBXNativeTarget "HabitTracker" */;
			buildPhases = (
				236F5BF32AB1F364005DDACA /* Sources */,
				236F5BF42AB1F364005DDACA /* Frameworks */,
				236F5BF52AB1F364005DDACA /* Resources */,
			);
			buildRules = (
			);
			dependencies = (
			);
			name = HabitTracker;
			productName = HabitTracker;
			productReference = 236F5BF72AB1F364005DDACA /* HabitTracker.app */;
			productType = "com.apple.product-type.application";
		};
		236F5C0B2AB1F365005DDACA /* HabitTrackerTests */ = {
			isa = PBXNativeTarget;
			buildConfigurationList = 236F5C232AB1F365005DDACA /* Build configuration list for PBXNativeTarget "HabitTrackerTests" */;
			buildPhases = (
				236F5C082AB1F365005DDACA /* Sources */,
				236F5C092AB1F365005DDACA /* Frameworks */,
				236F5C0A2AB1F365005DDACA /* Resources */,
			);
			buildRules = (
			);
			dependencies = (
				236F5C0E2AB1F365005DDACA /* PBXTargetDependency */,
			);
			name = HabitTrackerTests;
			productName = HabitTrackerTests;
			productReference = 236F5C0C2AB1F365005DDACA /* HabitTrackerTests.xctest */;
			productType = "com.apple.product-type.bundle.unit-test";
		};
		236F5C152AB1F365005DDACA /* HabitTrackerUITests */ = {
			isa = PBXNativeTarget;
			buildConfigurationList = 236F5C262AB1F365005DDACA /* Build configuration list for PBXNativeTarget "HabitTrackerUITests" */;
			buildPhases = (
				236F5C122AB1F365005DDACA /* Sources */,
				236F5C132AB1F365005DDACA /* Frameworks */,
				236F5C142AB1F365005DDACA /* Resources */,
			);
			buildRules = (
			);
			dependencies = (
				236F5C182AB1F365005DDACA /* PBXTargetDependency */,
			);
			name = HabitTrackerUITests;
			productName = HabitTrackerUITests;
			productReference = 236F5C162AB1F365005DDACA /* HabitTrackerUITests.xctest */;
			productType = "com.apple.product-type.bundle.ui-testing";
		};
/* End PBXNativeTarget section */

/* Begin PBXProject section */
		236F5BEF2AB1F364005DDACA /* Project object */ = {
			isa = PBXProject;
			attributes = {
				BuildIndependentTargetsInParallel = 1;
				LastSwiftUpdateCheck = 1500;
				LastUpgradeCheck = 1500;
				TargetAttributes = {
					236F5BF62AB1F364005DDACA = {
						CreatedOnToolsVersion = 15.0;
					};
					236F5C0B2AB1F365005DDACA = {
						CreatedOnToolsVersion = 15.0;
						TestTargetID = 236F5BF62AB1F364005DDACA;
					};
					236F5C152AB1F365005DDACA = {
						CreatedOnToolsVersion = 15.0;
						TestTargetID = 236F5BF62AB1F364005DDACA;
					};
				};
			};
			buildConfigurationList = 236F5BF22AB1F364005DDACA /* Build configuration list for PBXProject "HabitTracker" */;
			compatibilityVersion = "Xcode 14.0";
			developmentRegion = en;
			hasScannedForEncodings = 0;
			knownRegions = (
				en,
				Base,
			);
			mainGroup = 236F5BEE2AB1F364005DDACA;
			productRefGroup = 236F5BF82AB1F364005DDACA /* Products */;
			projectDirPath = "";
			projectRoot = "";
			targets = (
				236F5BF62AB1F364005DDACA /* HabitTracker */,
				236F5C0B2AB1F365005DDACA /* HabitTrackerTests */,
				236F5C152AB1F365005DDACA /* HabitTrackerUITests */,
			);
		};
/* End PBXProject section */

/* Begin PBXResourcesBuildPhase section */
		236F5BF52AB1F364005DDACA /* Resources */ = {
			isa = PBXResourcesBuildPhase;
			buildActionMask = 2147483647;
			files = (
				236F5C022AB1F365005DDACA /* Preview Assets.xcassets in Resources */,
				236F5BFF2AB1F365005DDACA /* Assets.xcassets in Resources */,
			);
			runOnlyForDeploymentPostprocessing = 0;
		};
		236F5C0A2AB1F365005DDACA /* Resources */ = {
			isa = PBXResourcesBuildPhase;
			buildActionMask = 2147483647;
			files = (
			);
			runOnlyForDeploymentPostprocessing = 0;
		};
		236F5C142AB1F365005DDACA /* Resources */ = {
			isa = PBXResourcesBuildPhase;
			buildActionMask = 2147483647;
			files = (
			);
			runOnlyForDeploymentPostprocessing = 0;
		};
/* End PBXResourcesBuildPhase section */

/* Begin PBXSourcesBuildPhase section */
		236F5BF32AB1F364005DDACA /* Sources */ = {
			isa = PBXSourcesBuildPhase;
			buildActionMask = 2147483647;
			files = (
				236F5C332AB21146005DDACA /* AddNewHabitView.swift in Sources */,
				236F5C042AB1F365005DDACA /* Persistence.swift in Sources */,
				236F5C2B2AB1F4FA005DDACA /* HabitTracker.xcdatamodeld in Sources */,
				236F5BFD2AB1F364005DDACA /* MainView.swift in Sources */,
				236F5C312AB20359005DDACA /* HabitViewModel.swift in Sources */,
				236F5C2F2AB1F9A2005DDACA /* HomeView.swift in Sources */,
				236F5BFB2AB1F364005DDACA /* HabitTrackerApp.swift in Sources */,
			);
			runOnlyForDeploymentPostprocessing = 0;
		};
		236F5C082AB1F365005DDACA /* Sources */ = {
			isa = PBXSourcesBuildPhase;
			buildActionMask = 2147483647;
			files = (
				236F5C112AB1F365005DDACA /* HabitTrackerTests.swift in Sources */,
			);
			runOnlyForDeploymentPostprocessing = 0;
		};
		236F5C122AB1F365005DDACA /* Sources */ = {
			isa = PBXSourcesBuildPhase;
			buildActionMask = 2147483647;
			files = (
				236F5C1D2AB1F365005DDACA /* HabitTrackerUITestsLaunchTests.swift in Sources */,
				236F5C1B2AB1F365005DDACA /* HabitTrackerUITests.swift in Sources */,
			);
			runOnlyForDeploymentPostprocessing = 0;
		};
/* End PBXSourcesBuildPhase section */

/* Begin PBXTargetDependency section */
		236F5C0E2AB1F365005DDACA /* PBXTargetDependency */ = {
			isa = PBXTargetDependency;
			target = 236F5BF62AB1F364005DDACA /* HabitTracker */;
			targetProxy = 236F5C0D2AB1F365005DDACA /* PBXContainerItemProxy */;
		};
		236F5C182AB1F365005DDACA /* PBXTargetDependency */ = {
			isa = PBXTargetDependency;
			target = 236F5BF62AB1F364005DDACA /* HabitTracker */;
			targetProxy = 236F5C172AB1F365005DDACA /* PBXContainerItemProxy */;
		};
/* End PBXTargetDependency section */

/* Begin XCBuildConfiguration section */
		236F5C1E2AB1F365005DDACA /* Debug */ = {
			isa = XCBuildConfiguration;
			buildSettings = {
				ALWAYS_SEARCH_USER_PATHS = NO;
				ASSETCATALOG_COMPILER_GENERATE_SWIFT_ASSET_SYMBOL_EXTENSIONS = YES;
				CLANG_ANALYZER_NONNULL = YES;
				CLANG_ANALYZER_NUMBER_OBJECT_CONVERSION = YES_AGGRESSIVE;
				CLANG_CXX_LANGUAGE_STANDARD = "gnu++20";
				CLANG_ENABLE_MODULES = YES;
				CLANG_ENABLE_OBJC_ARC = YES;
				CLANG_ENABLE_OBJC_WEAK = YES;
				CLANG_WARN_BLOCK_CAPTURE_AUTORELEASING = YES;
				CLANG_WARN_BOOL_CONVERSION = YES;
				CLANG_WARN_COMMA = YES;
				CLANG_WARN_CONSTANT_CONVERSION = YES;
				CLANG_WARN_DEPRECATED_OBJC_IMPLEMENTATIONS = YES;
				CLANG_WARN_DIRECT_OBJC_ISA_USAGE = YES_ERROR;
				CLANG_WARN_DOCUMENTATION_COMMENTS = YES;
				CLANG_WARN_EMPTY_BODY = YES;
				CLANG_WARN_ENUM_CONVERSION = YES;
				CLANG_WARN_INFINITE_RECURSION = YES;
				CLANG_WARN_INT_CONVERSION = YES;
				CLANG_WARN_NON_LITERAL_NULL_CONVERSION = YES;
				CLANG_WARN_OBJC_IMPLICIT_RETAIN_SELF = YES;
				CLANG_WARN_OBJC_LITERAL_CONVERSION = YES;
				CLANG_WARN_OBJC_ROOT_CLASS = YES_ERROR;
				CLANG_WARN_QUOTED_INCLUDE_IN_FRAMEWORK_HEADER = YES;
				CLANG_WARN_RANGE_LOOP_ANALYSIS = YES;
				CLANG_WARN_STRICT_PROTOTYPES = YES;
				CLANG_WARN_SUSPICIOUS_MOVE = YES;
				CLANG_WARN_UNGUARDED_AVAILABILITY = YES_AGGRESSIVE;
				CLANG_WARN_UNREACHABLE_CODE = YES;
				CLANG_WARN__DUPLICATE_METHOD_MATCH = YES;
				COPY_PHASE_STRIP = NO;
				DEBUG_INFORMATION_FORMAT = dwarf;
				ENABLE_STRICT_OBJC_MSGSEND = YES;
				ENABLE_TESTABILITY = YES;
				ENABLE_USER_SCRIPT_SANDBOXING = YES;
				GCC_C_LANGUAGE_STANDARD = gnu17;
				GCC_DYNAMIC_NO_PIC = NO;
				GCC_NO_COMMON_BLOCKS = YES;
				GCC_OPTIMIZATION_LEVEL = 0;
				GCC_PREPROCESSOR_DEFINITIONS = (
					"DEBUG=1",
					"$(inherited)",
				);
				GCC_WARN_64_TO_32_BIT_CONVERSION = YES;
				GCC_WARN_ABOUT_RETURN_TYPE = YES_ERROR;
				GCC_WARN_UNDECLARED_SELECTOR = YES;
				GCC_WARN_UNINITIALIZED_AUTOS = YES_AGGRESSIVE;
				GCC_WARN_UNUSED_FUNCTION = YES;
				GCC_WARN_UNUSED_VARIABLE = YES;
				IPHONEOS_DEPLOYMENT_TARGET = 17.0;
				LOCALIZATION_PREFERS_STRING_CATALOGS = YES;
				MTL_ENABLE_DEBUG_INFO = INCLUDE_SOURCE;
				MTL_FAST_MATH = YES;
				ONLY_ACTIVE_ARCH = YES;
				SDKROOT = iphoneos;
				SWIFT_ACTIVE_COMPILATION_CONDITIONS = "DEBUG $(inherited)";
				SWIFT_OPTIMIZATION_LEVEL = "-Onone";
			};
			name = Debug;
		};
		236F5C1F2AB1F365005DDACA /* Release */ = {
			isa = XCBuildConfiguration;
			buildSettings = {
				ALWAYS_SEARCH_USER_PATHS = NO;
				ASSETCATALOG_COMPILER_GENERATE_SWIFT_ASSET_SYMBOL_EXTENSIONS = YES;
				CLANG_ANALYZER_NONNULL = YES;
				CLANG_ANALYZER_NUMBER_OBJECT_CONVERSION = YES_AGGRESSIVE;
				CLANG_CXX_LANGUAGE_STANDARD = "gnu++20";
				CLANG_ENABLE_MODULES = YES;
				CLANG_ENABLE_OBJC_ARC = YES;
				CLANG_ENABLE_OBJC_WEAK = YES;
				CLANG_WARN_BLOCK_CAPTURE_AUTORELEASING = YES;
				CLANG_WARN_BOOL_CONVERSION = YES;
				CLANG_WARN_COMMA = YES;
				CLANG_WARN_CONSTANT_CONVERSION = YES;
				CLANG_WARN_DEPRECATED_OBJC_IMPLEMENTATIONS = YES;
				CLANG_WARN_DIRECT_OBJC_ISA_USAGE = YES_ERROR;
				CLANG_WARN_DOCUMENTATION_COMMENTS = YES;
				CLANG_WARN_EMPTY_BODY = YES;
				CLANG_WARN_ENUM_CONVERSION = YES;
				CLANG_WARN_INFINITE_RECURSION = YES;
				CLANG_WARN_INT_CONVERSION = YES;
				CLANG_WARN_NON_LITERAL_NULL_CONVERSION = YES;
				CLANG_WARN_OBJC_IMPLICIT_RETAIN_SELF = YES;
				CLANG_WARN_OBJC_LITERAL_CONVERSION = YES;
				CLANG_WARN_OBJC_ROOT_CLASS = YES_ERROR;
				CLANG_WARN_QUOTED_INCLUDE_IN_FRAMEWORK_HEADER = YES;
				CLANG_WARN_RANGE_LOOP_ANALYSIS = YES;
				CLANG_WARN_STRICT_PROTOTYPES = YES;
				CLANG_WARN_SUSPICIOUS_MOVE = YES;
				CLANG_WARN_UNGUARDED_AVAILABILITY = YES_AGGRESSIVE;
				CLANG_WARN_UNREACHABLE_CODE = YES;
				CLANG_WARN__DUPLICATE_METHOD_MATCH = YES;
				COPY_PHASE_STRIP = NO;
				DEBUG_INFORMATION_FORMAT = "dwarf-with-dsym";
				ENABLE_NS_ASSERTIONS = NO;
				ENABLE_STRICT_OBJC_MSGSEND = YES;
				ENABLE_USER_SCRIPT_SANDBOXING = YES;
				GCC_C_LANGUAGE_STANDARD = gnu17;
				GCC_NO_COMMON_BLOCKS = YES;
				GCC_WARN_64_TO_32_BIT_CONVERSION = YES;
				GCC_WARN_ABOUT_RETURN_TYPE = YES_ERROR;
				GCC_WARN_UNDECLARED_SELECTOR = YES;
				GCC_WARN_UNINITIALIZED_AUTOS = YES_AGGRESSIVE;
				GCC_WARN_UNUSED_FUNCTION = YES;
				GCC_WARN_UNUSED_VARIABLE = YES;
				IPHONEOS_DEPLOYMENT_TARGET = 17.0;
				LOCALIZATION_PREFERS_STRING_CATALOGS = YES;
				MTL_ENABLE_DEBUG_INFO = NO;
				MTL_FAST_MATH = YES;
				SDKROOT = iphoneos;
				SWIFT_COMPILATION_MODE = wholemodule;
				VALIDATE_PRODUCT = YES;
			};
			name = Release;
		};
		236F5C212AB1F365005DDACA /* Debug */ = {
			isa = XCBuildConfiguration;
			buildSettings = {
				ASSETCATALOG_COMPILER_APPICON_NAME = AppIcon;
				ASSETCATALOG_COMPILER_GLOBAL_ACCENT_COLOR_NAME = AccentColor;
				CODE_SIGN_STYLE = Automatic;
				CURRENT_PROJECT_VERSION = 1;
				DEVELOPMENT_ASSET_PATHS = "\"HabitTracker/Preview Content\"";
				ENABLE_PREVIEWS = YES;
				GENERATE_INFOPLIST_FILE = YES;
				INFOPLIST_KEY_UIApplicationSceneManifest_Generation = YES;
				INFOPLIST_KEY_UIApplicationSupportsIndirectInputEvents = YES;
				INFOPLIST_KEY_UILaunchScreen_Generation = YES;
				INFOPLIST_KEY_UISupportedInterfaceOrientations_iPad = "UIInterfaceOrientationPortrait UIInterfaceOrientationPortraitUpsideDown UIInterfaceOrientationLandscapeLeft UIInterfaceOrientationLandscapeRight";
				INFOPLIST_KEY_UISupportedInterfaceOrientations_iPhone = "UIInterfaceOrientationPortrait UIInterfaceOrientationLandscapeLeft UIInterfaceOrientationLandscapeRight";
				LD_RUNPATH_SEARCH_PATHS = (
					"$(inherited)",
					"@executable_path/Frameworks",
				);
				MARKETING_VERSION = 1.0;
				PRODUCT_BUNDLE_IDENTIFIER = com.robert.rs.HabitTracker;
				PRODUCT_NAME = "$(TARGET_NAME)";
				SWIFT_EMIT_LOC_STRINGS = YES;
				SWIFT_VERSION = 5.0;
				TARGETED_DEVICE_FAMILY = "1,2";
			};
			name = Debug;
		};
		236F5C222AB1F365005DDACA /* Release */ = {
			isa = XCBuildConfiguration;
			buildSettings = {
				ASSETCATALOG_COMPILER_APPICON_NAME = AppIcon;
				ASSETCATALOG_COMPILER_GLOBAL_ACCENT_COLOR_NAME = AccentColor;
				CODE_SIGN_STYLE = Automatic;
				CURRENT_PROJECT_VERSION = 1;
				DEVELOPMENT_ASSET_PATHS = "\"HabitTracker/Preview Content\"";
				ENABLE_PREVIEWS = YES;
				GENERATE_INFOPLIST_FILE = YES;
				INFOPLIST_KEY_UIApplicationSceneManifest_Generation = YES;
				INFOPLIST_KEY_UIApplicationSupportsIndirectInputEvents = YES;
				INFOPLIST_KEY_UILaunchScreen_Generation = YES;
				INFOPLIST_KEY_UISupportedInterfaceOrientations_iPad = "UIInterfaceOrientationPortrait UIInterfaceOrientationPortraitUpsideDown UIInterfaceOrientationLandscapeLeft UIInterfaceOrientationLandscapeRight";
				INFOPLIST_KEY_UISupportedInterfaceOrientations_iPhone = "UIInterfaceOrientationPortrait UIInterfaceOrientationLandscapeLeft UIInterfaceOrientationLandscapeRight";
				LD_RUNPATH_SEARCH_PATHS = (
					"$(inherited)",
					"@executable_path/Frameworks",
				);
				MARKETING_VERSION = 1.0;
				PRODUCT_BUNDLE_IDENTIFIER = com.robert.rs.HabitTracker;
				PRODUCT_NAME = "$(TARGET_NAME)";
				SWIFT_EMIT_LOC_STRINGS = YES;
				SWIFT_VERSION = 5.0;
				TARGETED_DEVICE_FAMILY = "1,2";
			};
			name = Release;
		};
		236F5C242AB1F365005DDACA /* Debug */ = {
			isa = XCBuildConfiguration;
			buildSettings = {
				ALWAYS_EMBED_SWIFT_STANDARD_LIBRARIES = YES;
				BUNDLE_LOADER = "$(TEST_HOST)";
				CODE_SIGN_STYLE = Automatic;
				CURRENT_PROJECT_VERSION = 1;
				GENERATE_INFOPLIST_FILE = YES;
				IPHONEOS_DEPLOYMENT_TARGET = 17.0;
				MARKETING_VERSION = 1.0;
				PRODUCT_BUNDLE_IDENTIFIER = com.robert.rs.HabitTrackerTests;
				PRODUCT_NAME = "$(TARGET_NAME)";
				SWIFT_EMIT_LOC_STRINGS = NO;
				SWIFT_VERSION = 5.0;
				TARGETED_DEVICE_FAMILY = "1,2";
				TEST_HOST = "$(BUILT_PRODUCTS_DIR)/HabitTracker.app/$(BUNDLE_EXECUTABLE_FOLDER_PATH)/HabitTracker";
			};
			name = Debug;
		};
		236F5C252AB1F365005DDACA /* Release */ = {
			isa = XCBuildConfiguration;
			buildSettings = {
				ALWAYS_EMBED_SWIFT_STANDARD_LIBRARIES = YES;
				BUNDLE_LOADER = "$(TEST_HOST)";
				CODE_SIGN_STYLE = Automatic;
				CURRENT_PROJECT_VERSION = 1;
				GENERATE_INFOPLIST_FILE = YES;
				IPHONEOS_DEPLOYMENT_TARGET = 17.0;
				MARKETING_VERSION = 1.0;
				PRODUCT_BUNDLE_IDENTIFIER = com.robert.rs.HabitTrackerTests;
				PRODUCT_NAME = "$(TARGET_NAME)";
				SWIFT_EMIT_LOC_STRINGS = NO;
				SWIFT_VERSION = 5.0;
				TARGETED_DEVICE_FAMILY = "1,2";
				TEST_HOST = "$(BUILT_PRODUCTS_DIR)/HabitTracker.app/$(BUNDLE_EXECUTABLE_FOLDER_PATH)/HabitTracker";
			};
			name = Release;
		};
		236F5C272AB1F365005DDACA /* Debug */ = {
			isa = XCBuildConfiguration;
			buildSettings = {
				ALWAYS_EMBED_SWIFT_STANDARD_LIBRARIES = YES;
				CODE_SIGN_STYLE = Automatic;
				CURRENT_PROJECT_VERSION = 1;
				GENERATE_INFOPLIST_FILE = YES;
				MARKETING_VERSION = 1.0;
				PRODUCT_BUNDLE_IDENTIFIER = com.robert.rs.HabitTrackerUITests;
				PRODUCT_NAME = "$(TARGET_NAME)";
				SWIFT_EMIT_LOC_STRINGS = NO;
				SWIFT_VERSION = 5.0;
				TARGETED_DEVICE_FAMILY = "1,2";
				TEST_TARGET_NAME = HabitTracker;
			};
			name = Debug;
		};
		236F5C282AB1F365005DDACA /* Release */ = {
			isa = XCBuildConfiguration;
			buildSettings = {
				ALWAYS_EMBED_SWIFT_STANDARD_LIBRARIES = YES;
				CODE_SIGN_STYLE = Automatic;
				CURRENT_PROJECT_VERSION = 1;
				GENERATE_INFOPLIST_FILE = YES;
				MARKETING_VERSION = 1.0;
				PRODUCT_BUNDLE_IDENTIFIER = com.robert.rs.HabitTrackerUITests;
				PRODUCT_NAME = "$(TARGET_NAME)";
				SWIFT_EMIT_LOC_STRINGS = NO;
				SWIFT_VERSION = 5.0;
				TARGETED_DEVICE_FAMILY = "1,2";
				TEST_TARGET_NAME = HabitTracker;
			};
			name = Release;
		};
/* End XCBuildConfiguration section */

/* Begin XCConfigurationList section */
		236F5BF22AB1F364005DDACA /* Build configuration list for PBXProject "HabitTracker" */ = {
			isa = XCConfigurationList;
			buildConfigurations = (
				236F5C1E2AB1F365005DDACA /* Debug */,
				236F5C1F2AB1F365005DDACA /* Release */,
			);
			defaultConfigurationIsVisible = 0;
			defaultConfigurationName = Release;
		};
		236F5C202AB1F365005DDACA /* Build configuration list for PBXNativeTarget "HabitTracker" */ = {
			isa = XCConfigurationList;
			buildConfigurations = (
				236F5C212AB1F365005DDACA /* Debug */,
				236F5C222AB1F365005DDACA /* Release */,
			);
			defaultConfigurationIsVisible = 0;
			defaultConfigurationName = Release;
		};
		236F5C232AB1F365005DDACA /* Build configuration list for PBXNativeTarget "HabitTrackerTests" */ = {
			isa = XCConfigurationList;
			buildConfigurations = (
				236F5C242AB1F365005DDACA /* Debug */,
				236F5C252AB1F365005DDACA /* Release */,
			);
			defaultConfigurationIsVisible = 0;
			defaultConfigurationName = Release;
		};
		236F5C262AB1F365005DDACA /* Build configuration list for PBXNativeTarget "HabitTrackerUITests" */ = {
			isa = XCConfigurationList;
			buildConfigurations = (
				236F5C272AB1F365005DDACA /* Debug */,
				236F5C282AB1F365005DDACA /* Release */,
			);
			defaultConfigurationIsVisible = 0;
			defaultConfigurationName = Release;
		};
/* End XCConfigurationList section */

/* Begin XCVersionGroup section */
		236F5C292AB1F4FA005DDACA /* HabitTracker.xcdatamodeld */ = {
			isa = XCVersionGroup;
			children = (
				236F5C2A2AB1F4FA005DDACA /* HabitTracker.xcdatamodel */,
			);
			currentVersion = 236F5C2A2AB1F4FA005DDACA /* HabitTracker.xcdatamodel */;
			path = HabitTracker.xcdatamodeld;
			sourceTree = SOURCE_ROOT;
			versionGroupType = wrapper.xcdatamodel;
		};
/* End XCVersionGroup section */
	};
	rootObject = 236F5BEF2AB1F364005DDACA /* Project object */;
}
